
Microsoft Visual Studio Solution File, Format Version 12.00
# Visual Studio Version 16
VisualStudioVersion = 16.0.30413.136
MinimumVisualStudioVersion = 10.0.40219.1
Project("{FAE04EC0-301F-11D3-BF4B-00C04F79EFBC}") = "HC-DemoRestAPI", "HC-DemoRestAPI\HC-DemoRestAPI.csproj", "{BDDF0A74-0B37-4F8F-8EE3-767833C05449}"
EndProject
Global
	GlobalSection(SolutionConfigurationPlatforms) = preSolution
		Debug|Any CPU = Debug|Any CPU
		Release|Any CPU = Release|Any CPU
	EndGlobalSection
	GlobalSection(ProjectConfigurationPlatforms) = postSolution
		{BDDF0A74-0B37-4F8F-8EE3-767833C05449}.Debug|Any CPU.ActiveCfg = Debug|Any CPU
		{BDDF0A74-0B37-4F8F-8EE3-767833C05449}.Debug|Any CPU.Build.0 = Debug|Any CPU
		{BDDF0A74-0B37-4F8F-8EE3-767833C05449}.Release|Any CPU.ActiveCfg = Release|Any CPU
		{BDDF0A74-0B37-4F8F-8EE3-767833C05449}.Release|Any CPU.Build.0 = Release|Any CPU
	EndGlobalSection
	GlobalSection(SolutionProperties) = preSolution
		HideSolutionNode = FALSE
	EndGlobalSection
	GlobalSection(ExtensibilityGlobals) = postSolution
		SolutionGuid = {B7BD022E-3C91-4454-ACA2-E4B275D76731}
	EndGlobalSection
EndGlobal
